// !$*UTF8*$!
{
	archiveVersion = 1;
	classes = {
	};
	objectVersion = 46;
	objects = {

/* Begin PBXBuildFile section */
		262E568D1F5CD6F4009B2422 /* AppDelegate.swift in Sources */ = {isa = PBXBuildFile; fileRef = 262E568C1F5CD6F4009B2422 /* AppDelegate.swift */; };
		262E56921F5CD6F4009B2422 /* Main.storyboard in Resources */ = {isa = PBXBuildFile; fileRef = 262E56901F5CD6F4009B2422 /* Main.storyboard */; };
		262E56951F5CD6F4009B2422 /* DragNet.xcdatamodeld in Sources */ = {isa = PBXBuildFile; fileRef = 262E56931F5CD6F4009B2422 /* DragNet.xcdatamodeld */; };
		262E56971F5CD6F4009B2422 /* Assets.xcassets in Resources */ = {isa = PBXBuildFile; fileRef = 262E56961F5CD6F4009B2422 /* Assets.xcassets */; };
		262E569A1F5CD6F4009B2422 /* LaunchScreen.storyboard in Resources */ = {isa = PBXBuildFile; fileRef = 262E56981F5CD6F4009B2422 /* LaunchScreen.storyboard */; };
		262E56A21F5CDA3F009B2422 /* GoogleService-Info.plist in Resources */ = {isa = PBXBuildFile; fileRef = 262E56A11F5CDA3F009B2422 /* GoogleService-Info.plist */; };
		265391CE1F5DF6BD00C5EEF5 /* GoogleAndFacebookBtns.swift in Sources */ = {isa = PBXBuildFile; fileRef = 265391CD1F5DF6BD00C5EEF5 /* GoogleAndFacebookBtns.swift */; };
		265391D31F5DF70F00C5EEF5 /* FacebookBtn.swift in Sources */ = {isa = PBXBuildFile; fileRef = 265391D21F5DF70F00C5EEF5 /* FacebookBtn.swift */; };
		265391D51F5DF7EE00C5EEF5 /* GoogleBtn.swift in Sources */ = {isa = PBXBuildFile; fileRef = 265391D41F5DF7EE00C5EEF5 /* GoogleBtn.swift */; };
		265391D81F5DFC9800C5EEF5 /* BounceButton.swift in Sources */ = {isa = PBXBuildFile; fileRef = 265391D71F5DFC9800C5EEF5 /* BounceButton.swift */; };
		265391DA1F5DFEA800C5EEF5 /* SignInVC.swift in Sources */ = {isa = PBXBuildFile; fileRef = 265391D91F5DFEA800C5EEF5 /* SignInVC.swift */; };
		265391E61F5EDB9000C5EEF5 /* Constants.swift in Sources */ = {isa = PBXBuildFile; fileRef = 265391E51F5EDB9000C5EEF5 /* Constants.swift */; };
		267B347A1F606D290007088E /* SearchVC.swift in Sources */ = {isa = PBXBuildFile; fileRef = 267B34791F606D290007088E /* SearchVC.swift */; };
		267B34811F606F4B0007088E /* SWRevealViewController.m in Sources */ = {isa = PBXBuildFile; fileRef = 267B34801F606F4B0007088E /* SWRevealViewController.m */; };
		267B34841F6072C50007088E /* SettingsVC.swift in Sources */ = {isa = PBXBuildFile; fileRef = 267B34831F6072C50007088E /* SettingsVC.swift */; };
		267B34861F60DA540007088E /* CameraVC.swift in Sources */ = {isa = PBXBuildFile; fileRef = 267B34851F60DA540007088E /* CameraVC.swift */; };
		267B348A1F619C670007088E /* UIScrollView+EmptyDataSet.m in Sources */ = {isa = PBXBuildFile; fileRef = 267B34891F619C670007088E /* UIScrollView+EmptyDataSet.m */; };
		267B348C1F619F270007088E /* tableViewTableViewController.swift in Sources */ = {isa = PBXBuildFile; fileRef = 267B348B1F619F270007088E /* tableViewTableViewController.swift */; };
		267B348E1F61A7330007088E /* UserNameVC.swift in Sources */ = {isa = PBXBuildFile; fileRef = 267B348D1F61A7330007088E /* UserNameVC.swift */; };
		2684235F1F5EE17E00BC610F /* FeedVC.swift in Sources */ = {isa = PBXBuildFile; fileRef = 2684235E1F5EE17E00BC610F /* FeedVC.swift */; };
		5CE5136D3ED1F32F94CCA210 /* Pods_DragNet.framework in Frameworks */ = {isa = PBXBuildFile; fileRef = 708E4DEECD64BC2B85263974 /* Pods_DragNet.framework */; };
/* End PBXBuildFile section */

/* Begin PBXFileReference section */
		1865278AE39AF2E8BCCD80D1 /* Pods-DragNet.debug.xcconfig */ = {isa = PBXFileReference; includeInIndex = 1; lastKnownFileType = text.xcconfig; name = "Pods-DragNet.debug.xcconfig"; path = "Pods/Target Support Files/Pods-DragNet/Pods-DragNet.debug.xcconfig"; sourceTree = "<group>"; };
		262E56891F5CD6F4009B2422 /* DragNet.app */ = {isa = PBXFileReference; explicitFileType = wrapper.application; includeInIndex = 0; path = DragNet.app; sourceTree = BUILT_PRODUCTS_DIR; };
		262E568C1F5CD6F4009B2422 /* AppDelegate.swift */ = {isa = PBXFileReference; lastKnownFileType = sourcecode.swift; path = AppDelegate.swift; sourceTree = "<group>"; };
		262E56911F5CD6F4009B2422 /* Base */ = {isa = PBXFileReference; lastKnownFileType = file.storyboard; name = Base; path = Base.lproj/Main.storyboard; sourceTree = "<group>"; };
		262E56941F5CD6F4009B2422 /* DragNet.xcdatamodel */ = {isa = PBXFileReference; lastKnownFileType = wrapper.xcdatamodel; path = DragNet.xcdatamodel; sourceTree = "<group>"; };
		262E56961F5CD6F4009B2422 /* Assets.xcassets */ = {isa = PBXFileReference; lastKnownFileType = folder.assetcatalog; path = Assets.xcassets; sourceTree = "<group>"; };
		262E56991F5CD6F4009B2422 /* Base */ = {isa = PBXFileReference; lastKnownFileType = file.storyboard; name = Base; path = Base.lproj/LaunchScreen.storyboard; sourceTree = "<group>"; };
		262E569B1F5CD6F4009B2422 /* Info.plist */ = {isa = PBXFileReference; lastKnownFileType = text.plist.xml; path = Info.plist; sourceTree = "<group>"; };
		262E56A11F5CDA3F009B2422 /* GoogleService-Info.plist */ = {isa = PBXFileReference; fileEncoding = 4; lastKnownFileType = text.plist.xml; path = "GoogleService-Info.plist"; sourceTree = "<group>"; };
		265391CD1F5DF6BD00C5EEF5 /* GoogleAndFacebookBtns.swift */ = {isa = PBXFileReference; fileEncoding = 4; lastKnownFileType = sourcecode.swift; path = GoogleAndFacebookBtns.swift; sourceTree = "<group>"; };
		265391D21F5DF70F00C5EEF5 /* FacebookBtn.swift */ = {isa = PBXFileReference; fileEncoding = 4; lastKnownFileType = sourcecode.swift; path = FacebookBtn.swift; sourceTree = "<group>"; };
		265391D41F5DF7EE00C5EEF5 /* GoogleBtn.swift */ = {isa = PBXFileReference; fileEncoding = 4; lastKnownFileType = sourcecode.swift; path = GoogleBtn.swift; sourceTree = "<group>"; };
		265391D71F5DFC9800C5EEF5 /* BounceButton.swift */ = {isa = PBXFileReference; fileEncoding = 4; lastKnownFileType = sourcecode.swift; path = BounceButton.swift; sourceTree = "<group>"; };
		265391D91F5DFEA800C5EEF5 /* SignInVC.swift */ = {isa = PBXFileReference; fileEncoding = 4; lastKnownFileType = sourcecode.swift; path = SignInVC.swift; sourceTree = "<group>"; };
		265391E31F5E4C2300C5EEF5 /* DragNet.entitlements */ = {isa = PBXFileReference; lastKnownFileType = text.plist.entitlements; path = DragNet.entitlements; sourceTree = "<group>"; };
		265391E51F5EDB9000C5EEF5 /* Constants.swift */ = {isa = PBXFileReference; fileEncoding = 4; lastKnownFileType = sourcecode.swift; path = Constants.swift; sourceTree = "<group>"; };
		267B34791F606D290007088E /* SearchVC.swift */ = {isa = PBXFileReference; fileEncoding = 4; lastKnownFileType = sourcecode.swift; path = SearchVC.swift; sourceTree = "<group>"; };
		267B347E1F606F4B0007088E /* DragNet-Bridging-Header.h */ = {isa = PBXFileReference; fileEncoding = 4; lastKnownFileType = sourcecode.c.h; name = "DragNet-Bridging-Header.h"; path = "../../../Downloads/Desktop Backgrounds/DragNet-Bridging-Header.h"; sourceTree = "<group>"; };
		267B347F1F606F4B0007088E /* SWRevealViewController.h */ = {isa = PBXFileReference; fileEncoding = 4; lastKnownFileType = sourcecode.c.h; name = SWRevealViewController.h; path = "../../../Downloads/Desktop Backgrounds/SWRevealViewController.h"; sourceTree = "<group>"; };
		267B34801F606F4B0007088E /* SWRevealViewController.m */ = {isa = PBXFileReference; fileEncoding = 4; lastKnownFileType = sourcecode.c.objc; name = SWRevealViewController.m; path = "../../../Downloads/Desktop Backgrounds/SWRevealViewController.m"; sourceTree = "<group>"; };
		267B34831F6072C50007088E /* SettingsVC.swift */ = {isa = PBXFileReference; fileEncoding = 4; lastKnownFileType = sourcecode.swift; path = SettingsVC.swift; sourceTree = "<group>"; };
		267B34851F60DA540007088E /* CameraVC.swift */ = {isa = PBXFileReference; fileEncoding = 4; lastKnownFileType = sourcecode.swift; path = CameraVC.swift; sourceTree = "<group>"; };
		267B34881F619C670007088E /* UIScrollView+EmptyDataSet.h */ = {isa = PBXFileReference; fileEncoding = 4; lastKnownFileType = sourcecode.c.h; path = "UIScrollView+EmptyDataSet.h"; sourceTree = "<group>"; };
		267B34891F619C670007088E /* UIScrollView+EmptyDataSet.m */ = {isa = PBXFileReference; fileEncoding = 4; lastKnownFileType = sourcecode.c.objc; path = "UIScrollView+EmptyDataSet.m"; sourceTree = "<group>"; };
		267B348B1F619F270007088E /* tableViewTableViewController.swift */ = {isa = PBXFileReference; fileEncoding = 4; lastKnownFileType = sourcecode.swift; path = tableViewTableViewController.swift; sourceTree = "<group>"; };
		267B348D1F61A7330007088E /* UserNameVC.swift */ = {isa = PBXFileReference; fileEncoding = 4; lastKnownFileType = sourcecode.swift; path = UserNameVC.swift; sourceTree = "<group>"; };
		2684235E1F5EE17E00BC610F /* FeedVC.swift */ = {isa = PBXFileReference; fileEncoding = 4; lastKnownFileType = sourcecode.swift; path = FeedVC.swift; sourceTree = "<group>"; };
		596D5A52913D44E34E1AC964 /* Pods-DragNet.release.xcconfig */ = {isa = PBXFileReference; includeInIndex = 1; lastKnownFileType = text.xcconfig; name = "Pods-DragNet.release.xcconfig"; path = "Pods/Target Support Files/Pods-DragNet/Pods-DragNet.release.xcconfig"; sourceTree = "<group>"; };
		708E4DEECD64BC2B85263974 /* Pods_DragNet.framework */ = {isa = PBXFileReference; explicitFileType = wrapper.framework; includeInIndex = 0; path = Pods_DragNet.framework; sourceTree = BUILT_PRODUCTS_DIR; };
/* End PBXFileReference section */

/* Begin PBXFrameworksBuildPhase section */
		262E56861F5CD6F4009B2422 /* Frameworks */ = {
			isa = PBXFrameworksBuildPhase;
			buildActionMask = 2147483647;
			files = (
				5CE5136D3ED1F32F94CCA210 /* Pods_DragNet.framework in Frameworks */,
			);
			runOnlyForDeploymentPostprocessing = 0;
		};
/* End PBXFrameworksBuildPhase section */

/* Begin PBXGroup section */
		262E56801F5CD6F4009B2422 = {
			isa = PBXGroup;
			children = (
				262E568B1F5CD6F4009B2422 /* DragNet */,
				262E568A1F5CD6F4009B2422 /* Products */,
				29C3512B3E0E3C80288C974F /* Pods */,
				64EE75461E5BCB36059ABC1D /* Frameworks */,
			);
			sourceTree = "<group>";
		};
		262E568A1F5CD6F4009B2422 /* Products */ = {
			isa = PBXGroup;
			children = (
				262E56891F5CD6F4009B2422 /* DragNet.app */,
			);
			name = Products;
			sourceTree = "<group>";
		};
		262E568B1F5CD6F4009B2422 /* DragNet */ = {
			isa = PBXGroup;
			children = (
				265391E41F5EDB7700C5EEF5 /* Constants */,
				265391E31F5E4C2300C5EEF5 /* DragNet.entitlements */,
				265391D61F5DFC8700C5EEF5 /* Custom Controls */,
				265391CF1F5DF6D100C5EEF5 /* PaintcodeBtns */,
				265391CC1F5DD71E00C5EEF5 /* Model */,
				265391CB1F5DD71A00C5EEF5 /* View */,
				265391CA1F5DD71100C5EEF5 /* Controller */,
				262E568C1F5CD6F4009B2422 /* AppDelegate.swift */,
				262E56901F5CD6F4009B2422 /* Main.storyboard */,
				262E56961F5CD6F4009B2422 /* Assets.xcassets */,
				262E56981F5CD6F4009B2422 /* LaunchScreen.storyboard */,
				262E569B1F5CD6F4009B2422 /* Info.plist */,
				262E56931F5CD6F4009B2422 /* DragNet.xcdatamodeld */,
				262E56A11F5CDA3F009B2422 /* GoogleService-Info.plist */,
			);
			path = DragNet;
			sourceTree = "<group>";
		};
		265391CA1F5DD71100C5EEF5 /* Controller */ = {
			isa = PBXGroup;
			children = (
				267B348B1F619F270007088E /* tableViewTableViewController.swift */,
				265391D91F5DFEA800C5EEF5 /* SignInVC.swift */,
				2684235E1F5EE17E00BC610F /* FeedVC.swift */,
				267B34791F606D290007088E /* SearchVC.swift */,
				267B34831F6072C50007088E /* SettingsVC.swift */,
				267B34851F60DA540007088E /* CameraVC.swift */,
				267B348D1F61A7330007088E /* UserNameVC.swift */,
				267B34871F619BFB0007088E /* Empty Data Set */,
				267B34821F6070560007088E /* RevealViewController */,
			);
			name = Controller;
			sourceTree = "<group>";
		};
		265391CB1F5DD71A00C5EEF5 /* View */ = {
			isa = PBXGroup;
			children = (
				265391CD1F5DF6BD00C5EEF5 /* GoogleAndFacebookBtns.swift */,
			);
			name = View;
			sourceTree = "<group>";
		};
		265391CC1F5DD71E00C5EEF5 /* Model */ = {
			isa = PBXGroup;
			children = (
			);
			name = Model;
			sourceTree = "<group>";
		};
		265391CF1F5DF6D100C5EEF5 /* PaintcodeBtns */ = {
			isa = PBXGroup;
			children = (
				265391D21F5DF70F00C5EEF5 /* FacebookBtn.swift */,
				265391D41F5DF7EE00C5EEF5 /* GoogleBtn.swift */,
			);
			name = PaintcodeBtns;
			sourceTree = "<group>";
		};
		265391D61F5DFC8700C5EEF5 /* Custom Controls */ = {
			isa = PBXGroup;
			children = (
				265391D71F5DFC9800C5EEF5 /* BounceButton.swift */,
			);
			name = "Custom Controls";
			sourceTree = "<group>";
		};
		265391E41F5EDB7700C5EEF5 /* Constants */ = {
			isa = PBXGroup;
			children = (
				265391E51F5EDB9000C5EEF5 /* Constants.swift */,
			);
			name = Constants;
			sourceTree = "<group>";
		};
		267B34821F6070560007088E /* RevealViewController */ = {
			isa = PBXGroup;
			children = (
				267B347E1F606F4B0007088E /* DragNet-Bridging-Header.h */,
				267B347F1F606F4B0007088E /* SWRevealViewController.h */,
				267B34801F606F4B0007088E /* SWRevealViewController.m */,
			);
			name = RevealViewController;
			sourceTree = "<group>";
		};
		267B34871F619BFB0007088E /* Empty Data Set */ = {
			isa = PBXGroup;
			children = (
				267B34881F619C670007088E /* UIScrollView+EmptyDataSet.h */,
				267B34891F619C670007088E /* UIScrollView+EmptyDataSet.m */,
			);
			name = "Empty Data Set";
			sourceTree = "<group>";
		};
		29C3512B3E0E3C80288C974F /* Pods */ = {
			isa = PBXGroup;
			children = (
				1865278AE39AF2E8BCCD80D1 /* Pods-DragNet.debug.xcconfig */,
				596D5A52913D44E34E1AC964 /* Pods-DragNet.release.xcconfig */,
			);
			name = Pods;
			sourceTree = "<group>";
		};
		64EE75461E5BCB36059ABC1D /* Frameworks */ = {
			isa = PBXGroup;
			children = (
				708E4DEECD64BC2B85263974 /* Pods_DragNet.framework */,
			);
			name = Frameworks;
			sourceTree = "<group>";
		};
/* End PBXGroup section */

/* Begin PBXNativeTarget section */
		262E56881F5CD6F4009B2422 /* DragNet */ = {
			isa = PBXNativeTarget;
			buildConfigurationList = 262E569E1F5CD6F5009B2422 /* Build configuration list for PBXNativeTarget "DragNet" */;
			buildPhases = (
				92D6A989E55A9FEB74DEE5F1 /* [CP] Check Pods Manifest.lock */,
				262E56851F5CD6F4009B2422 /* Sources */,
				262E56861F5CD6F4009B2422 /* Frameworks */,
				262E56871F5CD6F4009B2422 /* Resources */,
				EFAB00BCE3B5B35D234E58BF /* [CP] Embed Pods Frameworks */,
				F2DB76344685FD151A9BD86B /* [CP] Copy Pods Resources */,
			);
			buildRules = (
			);
			dependencies = (
			);
			name = DragNet;
			productName = DragNet;
			productReference = 262E56891F5CD6F4009B2422 /* DragNet.app */;
			productType = "com.apple.product-type.application";
		};
/* End PBXNativeTarget section */

/* Begin PBXProject section */
		262E56811F5CD6F4009B2422 /* Project object */ = {
			isa = PBXProject;
			attributes = {
				LastSwiftUpdateCheck = 0830;
				LastUpgradeCheck = 0830;
				ORGANIZATIONNAME = "Cameron Laury";
				TargetAttributes = {
					262E56881F5CD6F4009B2422 = {
						CreatedOnToolsVersion = 8.3.3;
						DevelopmentTeam = 5GP62UZSP9;
						LastSwiftMigration = 0830;
						ProvisioningStyle = Automatic;
						SystemCapabilities = {
							com.apple.Keychain = {
								enabled = 0;
							};
						};
					};
				};
			};
			buildConfigurationList = 262E56841F5CD6F4009B2422 /* Build configuration list for PBXProject "DragNet" */;
			compatibilityVersion = "Xcode 3.2";
			developmentRegion = English;
			hasScannedForEncodings = 0;
			knownRegions = (
				en,
				Base,
			);
			mainGroup = 262E56801F5CD6F4009B2422;
			productRefGroup = 262E568A1F5CD6F4009B2422 /* Products */;
			projectDirPath = "";
			projectRoot = "";
			targets = (
				262E56881F5CD6F4009B2422 /* DragNet */,
			);
		};
/* End PBXProject section */

/* Begin PBXResourcesBuildPhase section */
		262E56871F5CD6F4009B2422 /* Resources */ = {
			isa = PBXResourcesBuildPhase;
			buildActionMask = 2147483647;
			files = (
				262E569A1F5CD6F4009B2422 /* LaunchScreen.storyboard in Resources */,
				262E56971F5CD6F4009B2422 /* Assets.xcassets in Resources */,
				262E56921F5CD6F4009B2422 /* Main.storyboard in Resources */,
				262E56A21F5CDA3F009B2422 /* GoogleService-Info.plist in Resources */,
			);
			runOnlyForDeploymentPostprocessing = 0;
		};
/* End PBXResourcesBuildPhase section */

/* Begin PBXShellScriptBuildPhase section */
		92D6A989E55A9FEB74DEE5F1 /* [CP] Check Pods Manifest.lock */ = {
			isa = PBXShellScriptBuildPhase;
			buildActionMask = 2147483647;
			files = (
			);
			inputPaths = (
			);
			name = "[CP] Check Pods Manifest.lock";
			outputPaths = (
			);
			runOnlyForDeploymentPostprocessing = 0;
			shellPath = /bin/sh;
			shellScript = "diff \"${PODS_ROOT}/../Podfile.lock\" \"${PODS_ROOT}/Manifest.lock\" > /dev/null\nif [ $? != 0 ] ; then\n    # print error to STDERR\n    echo \"error: The sandbox is not in sync with the Podfile.lock. Run 'pod install' or update your CocoaPods installation.\" >&2\n    exit 1\nfi\n";
			showEnvVarsInLog = 0;
		};
		EFAB00BCE3B5B35D234E58BF /* [CP] Embed Pods Frameworks */ = {
			isa = PBXShellScriptBuildPhase;
			buildActionMask = 2147483647;
			files = (
			);
			inputPaths = (
			);
			name = "[CP] Embed Pods Frameworks";
			outputPaths = (
			);
			runOnlyForDeploymentPostprocessing = 0;
			shellPath = /bin/sh;
			shellScript = "\"${SRCROOT}/Pods/Target Support Files/Pods-DragNet/Pods-DragNet-frameworks.sh\"\n";
			showEnvVarsInLog = 0;
		};
		F2DB76344685FD151A9BD86B /* [CP] Copy Pods Resources */ = {
			isa = PBXShellScriptBuildPhase;
			buildActionMask = 2147483647;
			files = (
			);
			inputPaths = (
			);
			name = "[CP] Copy Pods Resources";
			outputPaths = (
			);
			runOnlyForDeploymentPostprocessing = 0;
			shellPath = /bin/sh;
			shellScript = "\"${SRCROOT}/Pods/Target Support Files/Pods-DragNet/Pods-DragNet-resources.sh\"\n";
			showEnvVarsInLog = 0;
		};
/* End PBXShellScriptBuildPhase section */

/* Begin PBXSourcesBuildPhase section */
		262E56851F5CD6F4009B2422 /* Sources */ = {
			isa = PBXSourcesBuildPhase;
			buildActionMask = 2147483647;
			files = (
				2684235F1F5EE17E00BC610F /* FeedVC.swift in Sources */,
				267B347A1F606D290007088E /* SearchVC.swift in Sources */,
				262E568D1F5CD6F4009B2422 /* AppDelegate.swift in Sources */,
				267B348C1F619F270007088E /* tableViewTableViewController.swift in Sources */,
				267B348E1F61A7330007088E /* UserNameVC.swift in Sources */,
				265391D31F5DF70F00C5EEF5 /* FacebookBtn.swift in Sources */,
				262E56951F5CD6F4009B2422 /* DragNet.xcdatamodeld in Sources */,
				267B34841F6072C50007088E /* SettingsVC.swift in Sources */,
				267B348A1F619C670007088E /* UIScrollView+EmptyDataSet.m in Sources */,
				265391CE1F5DF6BD00C5EEF5 /* GoogleAndFacebookBtns.swift in Sources */,
				265391DA1F5DFEA800C5EEF5 /* SignInVC.swift in Sources */,
				265391D81F5DFC9800C5EEF5 /* BounceButton.swift in Sources */,
				267B34811F606F4B0007088E /* SWRevealViewController.m in Sources */,
				267B34861F60DA540007088E /* CameraVC.swift in Sources */,
				265391D51F5DF7EE00C5EEF5 /* GoogleBtn.swift in Sources */,
				265391E61F5EDB9000C5EEF5 /* Constants.swift in Sources */,
			);
			runOnlyForDeploymentPostprocessing = 0;
		};
/* End PBXSourcesBuildPhase section */

/* Begin PBXVariantGroup section */
		262E56901F5CD6F4009B2422 /* Main.storyboard */ = {
			isa = PBXVariantGroup;
			children = (
				262E56911F5CD6F4009B2422 /* Base */,
			);
			name = Main.storyboard;
			sourceTree = "<group>";
		};
		262E56981F5CD6F4009B2422 /* LaunchScreen.storyboard */ = {
			isa = PBXVariantGroup;
			children = (
				262E56991F5CD6F4009B2422 /* Base */,
			);
			name = LaunchScreen.storyboard;
			sourceTree = "<group>";
		};
/* End PBXVariantGroup section */

/* Begin XCBuildConfiguration section */
		262E569C1F5CD6F5009B2422 /* Debug */ = {
			isa = XCBuildConfiguration;
			buildSettings = {
				ALWAYS_SEARCH_USER_PATHS = NO;
				CLANG_ANALYZER_NONNULL = YES;
				CLANG_ANALYZER_NUMBER_OBJECT_CONVERSION = YES_AGGRESSIVE;
				CLANG_CXX_LANGUAGE_STANDARD = "gnu++0x";
				CLANG_CXX_LIBRARY = "libc++";
				CLANG_ENABLE_MODULES = YES;
				CLANG_ENABLE_OBJC_ARC = YES;
				CLANG_WARN_BOOL_CONVERSION = YES;
				CLANG_WARN_CONSTANT_CONVERSION = YES;
				CLANG_WARN_DIRECT_OBJC_ISA_USAGE = YES_ERROR;
				CLANG_WARN_DOCUMENTATION_COMMENTS = YES;
				CLANG_WARN_EMPTY_BODY = YES;
				CLANG_WARN_ENUM_CONVERSION = YES;
				CLANG_WARN_INFINITE_RECURSION = YES;
				CLANG_WARN_INT_CONVERSION = YES;
				CLANG_WARN_OBJC_ROOT_CLASS = YES_ERROR;
				CLANG_WARN_SUSPICIOUS_MOVE = YES;
				CLANG_WARN_UNREACHABLE_CODE = YES;
				CLANG_WARN__DUPLICATE_METHOD_MATCH = YES;
				"CODE_SIGN_IDENTITY[sdk=iphoneos*]" = "iPhone Developer";
				COPY_PHASE_STRIP = NO;
				DEBUG_INFORMATION_FORMAT = dwarf;
				ENABLE_STRICT_OBJC_MSGSEND = YES;
				ENABLE_TESTABILITY = YES;
				GCC_C_LANGUAGE_STANDARD = gnu99;
				GCC_DYNAMIC_NO_PIC = NO;
				GCC_NO_COMMON_BLOCKS = YES;
				GCC_OPTIMIZATION_LEVEL = 0;
				GCC_PREPROCESSOR_DEFINITIONS = (
					"DEBUG=1",
					"$(inherited)",
				);
				GCC_WARN_64_TO_32_BIT_CONVERSION = YES;
				GCC_WARN_ABOUT_RETURN_TYPE = YES_ERROR;
				GCC_WARN_UNDECLARED_SELECTOR = YES;
				GCC_WARN_UNINITIALIZED_AUTOS = YES_AGGRESSIVE;
				GCC_WARN_UNUSED_FUNCTION = YES;
				GCC_WARN_UNUSED_VARIABLE = YES;
				IPHONEOS_DEPLOYMENT_TARGET = 10.3;
				MTL_ENABLE_DEBUG_INFO = YES;
				ONLY_ACTIVE_ARCH = YES;
				SDKROOT = iphoneos;
				SWIFT_ACTIVE_COMPILATION_CONDITIONS = DEBUG;
				SWIFT_OPTIMIZATION_LEVEL = "-Onone";
			};
			name = Debug;
		};
		262E569D1F5CD6F5009B2422 /* Release */ = {
			isa = XCBuildConfiguration;
			buildSettings = {
				ALWAYS_SEARCH_USER_PATHS = NO;
				CLANG_ANALYZER_NONNULL = YES;
				CLANG_ANALYZER_NUMBER_OBJECT_CONVERSION = YES_AGGRESSIVE;
				CLANG_CXX_LANGUAGE_STANDARD = "gnu++0x";
				CLANG_CXX_LIBRARY = "libc++";
				CLANG_ENABLE_MODULES = YES;
				CLANG_ENABLE_OBJC_ARC = YES;
				CLANG_WARN_BOOL_CONVERSION = YES;
				CLANG_WARN_CONSTANT_CONVERSION = YES;
				CLANG_WARN_DIRECT_OBJC_ISA_USAGE = YES_ERROR;
				CLANG_WARN_DOCUMENTATION_COMMENTS = YES;
				CLANG_WARN_EMPTY_BODY = YES;
				CLANG_WARN_ENUM_CONVERSION = YES;
				CLANG_WARN_INFINITE_RECURSION = YES;
				CLANG_WARN_INT_CONVERSION = YES;
				CLANG_WARN_OBJC_ROOT_CLASS = YES_ERROR;
				CLANG_WARN_SUSPICIOUS_MOVE = YES;
				CLANG_WARN_UNREACHABLE_CODE = YES;
				CLANG_WARN__DUPLICATE_METHOD_MATCH = YES;
				"CODE_SIGN_IDENTITY[sdk=iphoneos*]" = "iPhone Developer";
				COPY_PHASE_STRIP = NO;
				DEBUG_INFORMATION_FORMAT = "dwarf-with-dsym";
				ENABLE_NS_ASSERTIONS = NO;
				ENABLE_STRICT_OBJC_MSGSEND = YES;
				GCC_C_LANGUAGE_STANDARD = gnu99;
				GCC_NO_COMMON_BLOCKS = YES;
				GCC_WARN_64_TO_32_BIT_CONVERSION = YES;
				GCC_WARN_ABOUT_RETURN_TYPE = YES_ERROR;
				GCC_WARN_UNDECLARED_SELECTOR = YES;
				GCC_WARN_UNINITIALIZED_AUTOS = YES_AGGRESSIVE;
				GCC_WARN_UNUSED_FUNCTION = YES;
				GCC_WARN_UNUSED_VARIABLE = YES;
				IPHONEOS_DEPLOYMENT_TARGET = 10.3;
				MTL_ENABLE_DEBUG_INFO = NO;
				SDKROOT = iphoneos;
				SWIFT_OPTIMIZATION_LEVEL = "-Owholemodule";
				VALIDATE_PRODUCT = YES;
			};
			name = Release;
		};
		262E569F1F5CD6F5009B2422 /* Debug */ = {
			isa = XCBuildConfiguration;
			baseConfigurationReference = 1865278AE39AF2E8BCCD80D1 /* Pods-DragNet.debug.xcconfig */;
			buildSettings = {
				ASSETCATALOG_COMPILER_APPICON_NAME = AppIcon;
				CLANG_ENABLE_MODULES = YES;
				DEVELOPMENT_TEAM = 5GP62UZSP9;
				INFOPLIST_FILE = DragNet/Info.plist;
				LD_RUNPATH_SEARCH_PATHS = "$(inherited) @executable_path/Frameworks";
				PRODUCT_BUNDLE_IDENTIFIER = com.CamGlam.DragNet;
				PRODUCT_NAME = "$(TARGET_NAME)";
				SWIFT_OBJC_BRIDGING_HEADER = "DragNet/DragNet-Bridging-Header.h";
				SWIFT_OPTIMIZATION_LEVEL = "-Onone";
				SWIFT_VERSION = 3.0;
			};
			name = Debug;
		};
		262E56A01F5CD6F5009B2422 /* Release */ = {
			isa = XCBuildConfiguration;
			baseConfigurationReference = 596D5A52913D44E34E1AC964 /* Pods-DragNet.release.xcconfig */;
			buildSettings = {
				ASSETCATALOG_COMPILER_APPICON_NAME = AppIcon;
				CLANG_ENABLE_MODULES = YES;
				DEVELOPMENT_TEAM = 5GP62UZSP9;
				INFOPLIST_FILE = DragNet/Info.plist;
				LD_RUNPATH_SEARCH_PATHS = "$(inherited) @executable_path/Frameworks";
				PRODUCT_BUNDLE_IDENTIFIER = com.CamGlam.DragNet;
				PRODUCT_NAME = "$(TARGET_NAME)";
				SWIFT_OBJC_BRIDGING_HEADER = "DragNet/DragNet-Bridging-Header.h";
				SWIFT_VERSION = 3.0;
			};
			name = Release;
		};
/* End XCBuildConfiguration section */

/* Begin XCConfigurationList section */
		262E56841F5CD6F4009B2422 /* Build configuration list for PBXProject "DragNet" */ = {
			isa = XCConfigurationList;
			buildConfigurations = (
				262E569C1F5CD6F5009B2422 /* Debug */,
				262E569D1F5CD6F5009B2422 /* Release */,
			);
			defaultConfigurationIsVisible = 0;
			defaultConfigurationName = Release;
		};
		262E569E1F5CD6F5009B2422 /* Build configuration list for PBXNativeTarget "DragNet" */ = {
			isa = XCConfigurationList;
			buildConfigurations = (
				262E569F1F5CD6F5009B2422 /* Debug */,
				262E56A01F5CD6F5009B2422 /* Release */,
			);
			defaultConfigurationIsVisible = 0;
			defaultConfigurationName = Release;
		};
/* End XCConfigurationList section */

/* Begin XCVersionGroup section */
		262E56931F5CD6F4009B2422 /* DragNet.xcdatamodeld */ = {
			isa = XCVersionGroup;
			children = (
				262E56941F5CD6F4009B2422 /* DragNet.xcdatamodel */,
			);
			currentVersion = 262E56941F5CD6F4009B2422 /* DragNet.xcdatamodel */;
			path = DragNet.xcdatamodeld;
			sourceTree = "<group>";
			versionGroupType = wrapper.xcdatamodel;
		};
/* End XCVersionGroup section */
	};
	rootObject = 262E56811F5CD6F4009B2422 /* Project object */;
}
